// !$*UTF8*$!
{
	archiveVersion = 1;
	classes = {
	};
	objectVersion = 55;
	objects = {

/* Begin PBXBuildFile section */
		8F6D0872282A6EA600A7956C /* AppDelegate.swift in Sources */ = {isa = PBXBuildFile; fileRef = 8F6D0871282A6EA600A7956C /* AppDelegate.swift */; };
		8F6D0874282A6EA600A7956C /* SceneDelegate.swift in Sources */ = {isa = PBXBuildFile; fileRef = 8F6D0873282A6EA600A7956C /* SceneDelegate.swift */; };
		8F6D0876282A6EA600A7956C /* ViewController.swift in Sources */ = {isa = PBXBuildFile; fileRef = 8F6D0875282A6EA600A7956C /* ViewController.swift */; };
		8F6D0879282A6EA600A7956C /* Main.storyboard in Resources */ = {isa = PBXBuildFile; fileRef = 8F6D0877282A6EA600A7956C /* Main.storyboard */; };
		8F6D087B282A6EA700A7956C /* Assets.xcassets in Resources */ = {isa = PBXBuildFile; fileRef = 8F6D087A282A6EA700A7956C /* Assets.xcassets */; };
		8F6D087E282A6EA700A7956C /* LaunchScreen.storyboard in Resources */ = {isa = PBXBuildFile; fileRef = 8F6D087C282A6EA700A7956C /* LaunchScreen.storyboard */; };
		8F6D0886282A6FC300A7956C /* BaseTabBarController.swift in Sources */ = {isa = PBXBuildFile; fileRef = 8F6D0885282A6FC300A7956C /* BaseTabBarController.swift */; };
		8F6D0888282A7EA600A7956C /* .gitignore in Resources */ = {isa = PBXBuildFile; fileRef = 8F6D0887282A7EA600A7956C /* .gitignore */; };
		8F6D088B282A864400A7956C /* AppsSearchController.swift in Sources */ = {isa = PBXBuildFile; fileRef = 8F6D088A282A864400A7956C /* AppsSearchController.swift */; };
		8F6D088E282AB22C00A7956C /* SearchResultCell.swift in Sources */ = {isa = PBXBuildFile; fileRef = 8F6D088D282AB22C00A7956C /* SearchResultCell.swift */; };
		8F6D0891282ABB5700A7956C /* UIView+Layout.swift in Sources */ = {isa = PBXBuildFile; fileRef = 8F6D0890282ABB5700A7956C /* UIView+Layout.swift */; };
		8F6D0893282ACBCB00A7956C /* VerticalStackView.swift in Sources */ = {isa = PBXBuildFile; fileRef = 8F6D0892282ACBCB00A7956C /* VerticalStackView.swift */; };
		8F6D0896282AD9B300A7956C /* SearchResult.swift in Sources */ = {isa = PBXBuildFile; fileRef = 8F6D0895282AD9B300A7956C /* SearchResult.swift */; };
		8F6D0899282BB84800A7956C /* Service.swift in Sources */ = {isa = PBXBuildFile; fileRef = 8F6D0898282BB84800A7956C /* Service.swift */; };
		8F6D089C282E593B00A7956C /* AppsPageController.swift in Sources */ = {isa = PBXBuildFile; fileRef = 8F6D089B282E593B00A7956C /* AppsPageController.swift */; };
		8F6D089E282E5A7E00A7956C /* BaseListController.swift in Sources */ = {isa = PBXBuildFile; fileRef = 8F6D089D282E5A7E00A7956C /* BaseListController.swift */; };
		8F6D08A2282E5F2300A7956C /* AppsGroupCell.swift in Sources */ = {isa = PBXBuildFile; fileRef = 8F6D08A1282E5F2300A7956C /* AppsGroupCell.swift */; };
		8F6D08A5282E6AE600A7956C /* AppsHorizontalController.swift in Sources */ = {isa = PBXBuildFile; fileRef = 8F6D08A4282E6AE600A7956C /* AppsHorizontalController.swift */; };
		8F6D08A7282F019000A7956C /* AppsRowCell.swift in Sources */ = {isa = PBXBuildFile; fileRef = 8F6D08A6282F019000A7956C /* AppsRowCell.swift */; };
		8F6D08A9282F03C200A7956C /* Extensions.swift in Sources */ = {isa = PBXBuildFile; fileRef = 8F6D08A8282F03C200A7956C /* Extensions.swift */; };
		8F8C610B2832CD2D00A19B54 /* AppsPageHeader.swift in Sources */ = {isa = PBXBuildFile; fileRef = 8F8C610A2832CD2D00A19B54 /* AppsPageHeader.swift */; };
		8F8C610D2832CF3200A19B54 /* AppsHeaderHorizontalController.swift in Sources */ = {isa = PBXBuildFile; fileRef = 8F8C610C2832CF3200A19B54 /* AppsHeaderHorizontalController.swift */; };
		8F8C610F2832D27000A19B54 /* AppsHeaderCell.swift in Sources */ = {isa = PBXBuildFile; fileRef = 8F8C610E2832D27000A19B54 /* AppsHeaderCell.swift */; };
		CEC749CBF051F0E5600D37F8 /* Pods_Appstore.framework in Frameworks */ = {isa = PBXBuildFile; fileRef = 30CF8FF48FBEEDE33B4ACF9C /* Pods_Appstore.framework */; };
/* End PBXBuildFile section */

/* Begin PBXFileReference section */
		30CF8FF48FBEEDE33B4ACF9C /* Pods_Appstore.framework */ = {isa = PBXFileReference; explicitFileType = wrapper.framework; includeInIndex = 0; path = Pods_Appstore.framework; sourceTree = BUILT_PRODUCTS_DIR; };
		70B45A977790D0BF03E48D00 /* Pods-Appstore.release.xcconfig */ = {isa = PBXFileReference; includeInIndex = 1; lastKnownFileType = text.xcconfig; name = "Pods-Appstore.release.xcconfig"; path = "Target Support Files/Pods-Appstore/Pods-Appstore.release.xcconfig"; sourceTree = "<group>"; };
		8F6D086E282A6EA600A7956C /* Appstore.app */ = {isa = PBXFileReference; explicitFileType = wrapper.application; includeInIndex = 0; path = Appstore.app; sourceTree = BUILT_PRODUCTS_DIR; };
		8F6D0871282A6EA600A7956C /* AppDelegate.swift */ = {isa = PBXFileReference; lastKnownFileType = sourcecode.swift; path = AppDelegate.swift; sourceTree = "<group>"; };
		8F6D0873282A6EA600A7956C /* SceneDelegate.swift */ = {isa = PBXFileReference; lastKnownFileType = sourcecode.swift; path = SceneDelegate.swift; sourceTree = "<group>"; };
		8F6D0875282A6EA600A7956C /* ViewController.swift */ = {isa = PBXFileReference; lastKnownFileType = sourcecode.swift; path = ViewController.swift; sourceTree = "<group>"; };
		8F6D0878282A6EA600A7956C /* Base */ = {isa = PBXFileReference; lastKnownFileType = file.storyboard; name = Base; path = Base.lproj/Main.storyboard; sourceTree = "<group>"; };
		8F6D087A282A6EA700A7956C /* Assets.xcassets */ = {isa = PBXFileReference; lastKnownFileType = folder.assetcatalog; path = Assets.xcassets; sourceTree = "<group>"; };
		8F6D087D282A6EA700A7956C /* Base */ = {isa = PBXFileReference; lastKnownFileType = file.storyboard; name = Base; path = Base.lproj/LaunchScreen.storyboard; sourceTree = "<group>"; };
		8F6D087F282A6EA700A7956C /* Info.plist */ = {isa = PBXFileReference; lastKnownFileType = text.plist.xml; path = Info.plist; sourceTree = "<group>"; };
		8F6D0885282A6FC300A7956C /* BaseTabBarController.swift */ = {isa = PBXFileReference; lastKnownFileType = sourcecode.swift; path = BaseTabBarController.swift; sourceTree = "<group>"; };
		8F6D0887282A7EA600A7956C /* .gitignore */ = {isa = PBXFileReference; lastKnownFileType = text; path = .gitignore; sourceTree = "<group>"; };
		8F6D088A282A864400A7956C /* AppsSearchController.swift */ = {isa = PBXFileReference; lastKnownFileType = sourcecode.swift; path = AppsSearchController.swift; sourceTree = "<group>"; };
		8F6D088D282AB22C00A7956C /* SearchResultCell.swift */ = {isa = PBXFileReference; lastKnownFileType = sourcecode.swift; path = SearchResultCell.swift; sourceTree = "<group>"; };
		8F6D0890282ABB5700A7956C /* UIView+Layout.swift */ = {isa = PBXFileReference; fileEncoding = 4; lastKnownFileType = sourcecode.swift; path = "UIView+Layout.swift"; sourceTree = "<group>"; };
		8F6D0892282ACBCB00A7956C /* VerticalStackView.swift */ = {isa = PBXFileReference; lastKnownFileType = sourcecode.swift; path = VerticalStackView.swift; sourceTree = "<group>"; };
		8F6D0895282AD9B300A7956C /* SearchResult.swift */ = {isa = PBXFileReference; lastKnownFileType = sourcecode.swift; path = SearchResult.swift; sourceTree = "<group>"; };
		8F6D0898282BB84800A7956C /* Service.swift */ = {isa = PBXFileReference; lastKnownFileType = sourcecode.swift; path = Service.swift; sourceTree = "<group>"; };
		8F6D089B282E593B00A7956C /* AppsPageController.swift */ = {isa = PBXFileReference; lastKnownFileType = sourcecode.swift; path = AppsPageController.swift; sourceTree = "<group>"; };
		8F6D089D282E5A7E00A7956C /* BaseListController.swift */ = {isa = PBXFileReference; lastKnownFileType = sourcecode.swift; path = BaseListController.swift; sourceTree = "<group>"; };
		8F6D08A1282E5F2300A7956C /* AppsGroupCell.swift */ = {isa = PBXFileReference; lastKnownFileType = sourcecode.swift; path = AppsGroupCell.swift; sourceTree = "<group>"; };
		8F6D08A4282E6AE600A7956C /* AppsHorizontalController.swift */ = {isa = PBXFileReference; lastKnownFileType = sourcecode.swift; path = AppsHorizontalController.swift; sourceTree = "<group>"; };
		8F6D08A6282F019000A7956C /* AppsRowCell.swift */ = {isa = PBXFileReference; lastKnownFileType = sourcecode.swift; path = AppsRowCell.swift; sourceTree = "<group>"; };
		8F6D08A8282F03C200A7956C /* Extensions.swift */ = {isa = PBXFileReference; lastKnownFileType = sourcecode.swift; path = Extensions.swift; sourceTree = "<group>"; };
		8F8C610A2832CD2D00A19B54 /* AppsPageHeader.swift */ = {isa = PBXFileReference; lastKnownFileType = sourcecode.swift; path = AppsPageHeader.swift; sourceTree = "<group>"; };
		8F8C610C2832CF3200A19B54 /* AppsHeaderHorizontalController.swift */ = {isa = PBXFileReference; lastKnownFileType = sourcecode.swift; path = AppsHeaderHorizontalController.swift; sourceTree = "<group>"; };
		8F8C610E2832D27000A19B54 /* AppsHeaderCell.swift */ = {isa = PBXFileReference; lastKnownFileType = sourcecode.swift; path = AppsHeaderCell.swift; sourceTree = "<group>"; };
		D831B9C070CEBC9CEFAE6CF5 /* Pods-Appstore.debug.xcconfig */ = {isa = PBXFileReference; includeInIndex = 1; lastKnownFileType = text.xcconfig; name = "Pods-Appstore.debug.xcconfig"; path = "Target Support Files/Pods-Appstore/Pods-Appstore.debug.xcconfig"; sourceTree = "<group>"; };
/* End PBXFileReference section */

/* Begin PBXFrameworksBuildPhase section */
		8F6D086B282A6EA600A7956C /* Frameworks */ = {
			isa = PBXFrameworksBuildPhase;
			buildActionMask = 2147483647;
			files = (
				CEC749CBF051F0E5600D37F8 /* Pods_Appstore.framework in Frameworks */,
			);
			runOnlyForDeploymentPostprocessing = 0;
		};
/* End PBXFrameworksBuildPhase section */

/* Begin PBXGroup section */
		61D49D181B521B0C6586CF3B /* Pods */ = {
			isa = PBXGroup;
			children = (
				D831B9C070CEBC9CEFAE6CF5 /* Pods-Appstore.debug.xcconfig */,
				70B45A977790D0BF03E48D00 /* Pods-Appstore.release.xcconfig */,
			);
			path = Pods;
			sourceTree = "<group>";
		};
		7804BAD282EB54822FC4548C /* Frameworks */ = {
			isa = PBXGroup;
			children = (
				30CF8FF48FBEEDE33B4ACF9C /* Pods_Appstore.framework */,
			);
			name = Frameworks;
			sourceTree = "<group>";
		};
		8F6D0865282A6EA600A7956C = {
			isa = PBXGroup;
			children = (
				8F6D0887282A7EA600A7956C /* .gitignore */,
				8F6D0870282A6EA600A7956C /* Appstore */,
				8F6D086F282A6EA600A7956C /* Products */,
				61D49D181B521B0C6586CF3B /* Pods */,
				7804BAD282EB54822FC4548C /* Frameworks */,
			);
			sourceTree = "<group>";
		};
		8F6D086F282A6EA600A7956C /* Products */ = {
			isa = PBXGroup;
			children = (
				8F6D086E282A6EA600A7956C /* Appstore.app */,
			);
			name = Products;
			sourceTree = "<group>";
		};
		8F6D0870282A6EA600A7956C /* Appstore */ = {
			isa = PBXGroup;
			children = (
				8F6D0897282BB83300A7956C /* Service */,
				8F6D0894282AD9A400A7956C /* Model */,
				8F6D088F282ABABD00A7956C /* Helpers */,
				8F6D088C282AB20800A7956C /* Views */,
				8F6D0889282A85F400A7956C /* Controller */,
				8F6D0871282A6EA600A7956C /* AppDelegate.swift */,
				8F6D0873282A6EA600A7956C /* SceneDelegate.swift */,
				8F6D0875282A6EA600A7956C /* ViewController.swift */,
				8F6D0877282A6EA600A7956C /* Main.storyboard */,
				8F6D087A282A6EA700A7956C /* Assets.xcassets */,
				8F6D087C282A6EA700A7956C /* LaunchScreen.storyboard */,
				8F6D087F282A6EA700A7956C /* Info.plist */,
			);
			path = Appstore;
			sourceTree = "<group>";
		};
		8F6D0889282A85F400A7956C /* Controller */ = {
			isa = PBXGroup;
			children = (
				8F6D089F282E5B5C00A7956C /* Search */,
				8F6D089A282E592700A7956C /* Apps */,
				8F6D0885282A6FC300A7956C /* BaseTabBarController.swift */,
				8F6D089D282E5A7E00A7956C /* BaseListController.swift */,
			);
			path = Controller;
			sourceTree = "<group>";
		};
		8F6D088C282AB20800A7956C /* Views */ = {
			isa = PBXGroup;
			children = (
				8F6D08A3282E653900A7956C /* Search */,
				8F6D08A0282E5EE400A7956C /* Apps */,
			);
			path = Views;
			sourceTree = "<group>";
		};
		8F6D088F282ABABD00A7956C /* Helpers */ = {
			isa = PBXGroup;
			children = (
				8F6D0890282ABB5700A7956C /* UIView+Layout.swift */,
				8F6D0892282ACBCB00A7956C /* VerticalStackView.swift */,
				8F6D08A8282F03C200A7956C /* Extensions.swift */,
			);
			path = Helpers;
			sourceTree = "<group>";
		};
		8F6D0894282AD9A400A7956C /* Model */ = {
			isa = PBXGroup;
			children = (
				8F6D0895282AD9B300A7956C /* SearchResult.swift */,
			);
			path = Model;
			sourceTree = "<group>";
		};
		8F6D0897282BB83300A7956C /* Service */ = {
			isa = PBXGroup;
			children = (
				8F6D0898282BB84800A7956C /* Service.swift */,
			);
			path = Service;
			sourceTree = "<group>";
		};
		8F6D089A282E592700A7956C /* Apps */ = {
			isa = PBXGroup;
			children = (
				8F6D089B282E593B00A7956C /* AppsPageController.swift */,
				8F6D08A4282E6AE600A7956C /* AppsHorizontalController.swift */,
				8F8C610C2832CF3200A19B54 /* AppsHeaderHorizontalController.swift */,
			);
			path = Apps;
			sourceTree = "<group>";
		};
		8F6D089F282E5B5C00A7956C /* Search */ = {
			isa = PBXGroup;
			children = (
				8F6D088A282A864400A7956C /* AppsSearchController.swift */,
			);
			path = Search;
			sourceTree = "<group>";
		};
		8F6D08A0282E5EE400A7956C /* Apps */ = {
			isa = PBXGroup;
			children = (
				8F6D08A1282E5F2300A7956C /* AppsGroupCell.swift */,
				8F6D08A6282F019000A7956C /* AppsRowCell.swift */,
				8F8C610A2832CD2D00A19B54 /* AppsPageHeader.swift */,
				8F8C610E2832D27000A19B54 /* AppsHeaderCell.swift */,
			);
			path = Apps;
			sourceTree = "<group>";
		};
		8F6D08A3282E653900A7956C /* Search */ = {
			isa = PBXGroup;
			children = (
				8F6D088D282AB22C00A7956C /* SearchResultCell.swift */,
			);
			path = Search;
			sourceTree = "<group>";
		};
/* End PBXGroup section */

/* Begin PBXNativeTarget section */
		8F6D086D282A6EA600A7956C /* Appstore */ = {
			isa = PBXNativeTarget;
			buildConfigurationList = 8F6D0882282A6EA700A7956C /* Build configuration list for PBXNativeTarget "Appstore" */;
			buildPhases = (
				737DD061D27D026F7E24A148 /* [CP] Check Pods Manifest.lock */,
				8F6D086A282A6EA600A7956C /* Sources */,
				8F6D086B282A6EA600A7956C /* Frameworks */,
				8F6D086C282A6EA600A7956C /* Resources */,
				AF2C05394D58903A2BEC421C /* [CP] Embed Pods Frameworks */,
			);
			buildRules = (
			);
			dependencies = (
			);
			name = Appstore;
			productName = Appstore;
			productReference = 8F6D086E282A6EA600A7956C /* Appstore.app */;
			productType = "com.apple.product-type.application";
		};
/* End PBXNativeTarget section */

/* Begin PBXProject section */
		8F6D0866282A6EA600A7956C /* Project object */ = {
			isa = PBXProject;
			attributes = {
				BuildIndependentTargetsInParallel = 1;
				LastSwiftUpdateCheck = 1320;
				LastUpgradeCheck = 1320;
				TargetAttributes = {
					8F6D086D282A6EA600A7956C = {
						CreatedOnToolsVersion = 13.2.1;
					};
				};
			};
			buildConfigurationList = 8F6D0869282A6EA600A7956C /* Build configuration list for PBXProject "Appstore" */;
			compatibilityVersion = "Xcode 13.0";
			developmentRegion = en;
			hasScannedForEncodings = 0;
			knownRegions = (
				en,
				Base,
			);
			mainGroup = 8F6D0865282A6EA600A7956C;
			productRefGroup = 8F6D086F282A6EA600A7956C /* Products */;
			projectDirPath = "";
			projectRoot = "";
			targets = (
				8F6D086D282A6EA600A7956C /* Appstore */,
			);
		};
/* End PBXProject section */

/* Begin PBXResourcesBuildPhase section */
		8F6D086C282A6EA600A7956C /* Resources */ = {
			isa = PBXResourcesBuildPhase;
			buildActionMask = 2147483647;
			files = (
				8F6D0888282A7EA600A7956C /* .gitignore in Resources */,
				8F6D087E282A6EA700A7956C /* LaunchScreen.storyboard in Resources */,
				8F6D087B282A6EA700A7956C /* Assets.xcassets in Resources */,
				8F6D0879282A6EA600A7956C /* Main.storyboard in Resources */,
			);
			runOnlyForDeploymentPostprocessing = 0;
		};
/* End PBXResourcesBuildPhase section */

/* Begin PBXShellScriptBuildPhase section */
		737DD061D27D026F7E24A148 /* [CP] Check Pods Manifest.lock */ = {
			isa = PBXShellScriptBuildPhase;
			buildActionMask = 2147483647;
			files = (
			);
			inputFileListPaths = (
			);
			inputPaths = (
				"${PODS_PODFILE_DIR_PATH}/Podfile.lock",
				"${PODS_ROOT}/Manifest.lock",
			);
			name = "[CP] Check Pods Manifest.lock";
			outputFileListPaths = (
			);
			outputPaths = (
				"$(DERIVED_FILE_DIR)/Pods-Appstore-checkManifestLockResult.txt",
			);
			runOnlyForDeploymentPostprocessing = 0;
			shellPath = /bin/sh;
			shellScript = "diff \"${PODS_PODFILE_DIR_PATH}/Podfile.lock\" \"${PODS_ROOT}/Manifest.lock\" > /dev/null\nif [ $? != 0 ] ; then\n    # print error to STDERR\n    echo \"error: The sandbox is not in sync with the Podfile.lock. Run 'pod install' or update your CocoaPods installation.\" >&2\n    exit 1\nfi\n# This output is used by Xcode 'outputs' to avoid re-running this script phase.\necho \"SUCCESS\" > \"${SCRIPT_OUTPUT_FILE_0}\"\n";
			showEnvVarsInLog = 0;
		};
		AF2C05394D58903A2BEC421C /* [CP] Embed Pods Frameworks */ = {
			isa = PBXShellScriptBuildPhase;
			buildActionMask = 2147483647;
			files = (
			);
			inputFileListPaths = (
				"${PODS_ROOT}/Target Support Files/Pods-Appstore/Pods-Appstore-frameworks-${CONFIGURATION}-input-files.xcfilelist",
			);
			name = "[CP] Embed Pods Frameworks";
			outputFileListPaths = (
				"${PODS_ROOT}/Target Support Files/Pods-Appstore/Pods-Appstore-frameworks-${CONFIGURATION}-output-files.xcfilelist",
			);
			runOnlyForDeploymentPostprocessing = 0;
			shellPath = /bin/sh;
			shellScript = "\"${PODS_ROOT}/Target Support Files/Pods-Appstore/Pods-Appstore-frameworks.sh\"\n";
			showEnvVarsInLog = 0;
		};
/* End PBXShellScriptBuildPhase section */

/* Begin PBXSourcesBuildPhase section */
		8F6D086A282A6EA600A7956C /* Sources */ = {
			isa = PBXSourcesBuildPhase;
			buildActionMask = 2147483647;
			files = (
				8F6D0891282ABB5700A7956C /* UIView+Layout.swift in Sources */,
				8F6D089C282E593B00A7956C /* AppsPageController.swift in Sources */,
				8F6D08A7282F019000A7956C /* AppsRowCell.swift in Sources */,
				8F6D0896282AD9B300A7956C /* SearchResult.swift in Sources */,
				8F6D0886282A6FC300A7956C /* BaseTabBarController.swift in Sources */,
				8F6D0876282A6EA600A7956C /* ViewController.swift in Sources */,
				8F6D0872282A6EA600A7956C /* AppDelegate.swift in Sources */,
				8F6D08A2282E5F2300A7956C /* AppsGroupCell.swift in Sources */,
				8F6D088B282A864400A7956C /* AppsSearchController.swift in Sources */,
				8F6D0893282ACBCB00A7956C /* VerticalStackView.swift in Sources */,
				8F8C610D2832CF3200A19B54 /* AppsHeaderHorizontalController.swift in Sources */,
				8F8C610B2832CD2D00A19B54 /* AppsPageHeader.swift in Sources */,
				8F6D0899282BB84800A7956C /* Service.swift in Sources */,
				8F6D08A9282F03C200A7956C /* Extensions.swift in Sources */,
				8F6D088E282AB22C00A7956C /* SearchResultCell.swift in Sources */,
				8F8C610F2832D27000A19B54 /* AppsHeaderCell.swift in Sources */,
				8F6D089E282E5A7E00A7956C /* BaseListController.swift in Sources */,
				8F6D0874282A6EA600A7956C /* SceneDelegate.swift in Sources */,
				8F6D08A5282E6AE600A7956C /* AppsHorizontalController.swift in Sources */,
			);
			runOnlyForDeploymentPostprocessing = 0;
		};
/* End PBXSourcesBuildPhase section */

/* Begin PBXVariantGroup section */
		8F6D0877282A6EA600A7956C /* Main.storyboard */ = {
			isa = PBXVariantGroup;
			children = (
				8F6D0878282A6EA600A7956C /* Base */,
			);
			name = Main.storyboard;
			sourceTree = "<group>";
		};
		8F6D087C282A6EA700A7956C /* LaunchScreen.storyboard */ = {
			isa = PBXVariantGroup;
			children = (
				8F6D087D282A6EA700A7956C /* Base */,
			);
			name = LaunchScreen.storyboard;
			sourceTree = "<group>";
		};
/* End PBXVariantGroup section */

/* Begin XCBuildConfiguration section */
		8F6D0880282A6EA700A7956C /* Debug */ = {
			isa = XCBuildConfiguration;
			buildSettings = {
				ALWAYS_SEARCH_USER_PATHS = NO;
				CLANG_ANALYZER_NONNULL = YES;
				CLANG_ANALYZER_NUMBER_OBJECT_CONVERSION = YES_AGGRESSIVE;
				CLANG_CXX_LANGUAGE_STANDARD = "gnu++17";
				CLANG_CXX_LIBRARY = "libc++";
				CLANG_ENABLE_MODULES = YES;
				CLANG_ENABLE_OBJC_ARC = YES;
				CLANG_ENABLE_OBJC_WEAK = YES;
				CLANG_WARN_BLOCK_CAPTURE_AUTORELEASING = YES;
				CLANG_WARN_BOOL_CONVERSION = YES;
				CLANG_WARN_COMMA = YES;
				CLANG_WARN_CONSTANT_CONVERSION = YES;
				CLANG_WARN_DEPRECATED_OBJC_IMPLEMENTATIONS = YES;
				CLANG_WARN_DIRECT_OBJC_ISA_USAGE = YES_ERROR;
				CLANG_WARN_DOCUMENTATION_COMMENTS = YES;
				CLANG_WARN_EMPTY_BODY = YES;
				CLANG_WARN_ENUM_CONVERSION = YES;
				CLANG_WARN_INFINITE_RECURSION = YES;
				CLANG_WARN_INT_CONVERSION = YES;
				CLANG_WARN_NON_LITERAL_NULL_CONVERSION = YES;
				CLANG_WARN_OBJC_IMPLICIT_RETAIN_SELF = YES;
				CLANG_WARN_OBJC_LITERAL_CONVERSION = YES;
				CLANG_WARN_OBJC_ROOT_CLASS = YES_ERROR;
				CLANG_WARN_QUOTED_INCLUDE_IN_FRAMEWORK_HEADER = YES;
				CLANG_WARN_RANGE_LOOP_ANALYSIS = YES;
				CLANG_WARN_STRICT_PROTOTYPES = YES;
				CLANG_WARN_SUSPICIOUS_MOVE = YES;
				CLANG_WARN_UNGUARDED_AVAILABILITY = YES_AGGRESSIVE;
				CLANG_WARN_UNREACHABLE_CODE = YES;
				CLANG_WARN__DUPLICATE_METHOD_MATCH = YES;
				COPY_PHASE_STRIP = NO;
				DEBUG_INFORMATION_FORMAT = dwarf;
				ENABLE_STRICT_OBJC_MSGSEND = YES;
				ENABLE_TESTABILITY = YES;
				GCC_C_LANGUAGE_STANDARD = gnu11;
				GCC_DYNAMIC_NO_PIC = NO;
				GCC_NO_COMMON_BLOCKS = YES;
				GCC_OPTIMIZATION_LEVEL = 0;
				GCC_PREPROCESSOR_DEFINITIONS = (
					"DEBUG=1",
					"$(inherited)",
				);
				GCC_WARN_64_TO_32_BIT_CONVERSION = YES;
				GCC_WARN_ABOUT_RETURN_TYPE = YES_ERROR;
				GCC_WARN_UNDECLARED_SELECTOR = YES;
				GCC_WARN_UNINITIALIZED_AUTOS = YES_AGGRESSIVE;
				GCC_WARN_UNUSED_FUNCTION = YES;
				GCC_WARN_UNUSED_VARIABLE = YES;
				IPHONEOS_DEPLOYMENT_TARGET = 15.2;
				MTL_ENABLE_DEBUG_INFO = INCLUDE_SOURCE;
				MTL_FAST_MATH = YES;
				ONLY_ACTIVE_ARCH = YES;
				SDKROOT = iphoneos;
				SWIFT_ACTIVE_COMPILATION_CONDITIONS = DEBUG;
				SWIFT_OPTIMIZATION_LEVEL = "-Onone";
			};
			name = Debug;
		};
		8F6D0881282A6EA700A7956C /* Release */ = {
			isa = XCBuildConfiguration;
			buildSettings = {
				ALWAYS_SEARCH_USER_PATHS = NO;
				CLANG_ANALYZER_NONNULL = YES;
				CLANG_ANALYZER_NUMBER_OBJECT_CONVERSION = YES_AGGRESSIVE;
				CLANG_CXX_LANGUAGE_STANDARD = "gnu++17";
				CLANG_CXX_LIBRARY = "libc++";
				CLANG_ENABLE_MODULES = YES;
				CLANG_ENABLE_OBJC_ARC = YES;
				CLANG_ENABLE_OBJC_WEAK = YES;
				CLANG_WARN_BLOCK_CAPTURE_AUTORELEASING = YES;
				CLANG_WARN_BOOL_CONVERSION = YES;
				CLANG_WARN_COMMA = YES;
				CLANG_WARN_CONSTANT_CONVERSION = YES;
				CLANG_WARN_DEPRECATED_OBJC_IMPLEMENTATIONS = YES;
				CLANG_WARN_DIRECT_OBJC_ISA_USAGE = YES_ERROR;
				CLANG_WARN_DOCUMENTATION_COMMENTS = YES;
				CLANG_WARN_EMPTY_BODY = YES;
				CLANG_WARN_ENUM_CONVERSION = YES;
				CLANG_WARN_INFINITE_RECURSION = YES;
				CLANG_WARN_INT_CONVERSION = YES;
				CLANG_WARN_NON_LITERAL_NULL_CONVERSION = YES;
				CLANG_WARN_OBJC_IMPLICIT_RETAIN_SELF = YES;
				CLANG_WARN_OBJC_LITERAL_CONVERSION = YES;
				CLANG_WARN_OBJC_ROOT_CLASS = YES_ERROR;
				CLANG_WARN_QUOTED_INCLUDE_IN_FRAMEWORK_HEADER = YES;
				CLANG_WARN_RANGE_LOOP_ANALYSIS = YES;
				CLANG_WARN_STRICT_PROTOTYPES = YES;
				CLANG_WARN_SUSPICIOUS_MOVE = YES;
				CLANG_WARN_UNGUARDED_AVAILABILITY = YES_AGGRESSIVE;
				CLANG_WARN_UNREACHABLE_CODE = YES;
				CLANG_WARN__DUPLICATE_METHOD_MATCH = YES;
				COPY_PHASE_STRIP = NO;
				DEBUG_INFORMATION_FORMAT = "dwarf-with-dsym";
				ENABLE_NS_ASSERTIONS = NO;
				ENABLE_STRICT_OBJC_MSGSEND = YES;
				GCC_C_LANGUAGE_STANDARD = gnu11;
				GCC_NO_COMMON_BLOCKS = YES;
				GCC_WARN_64_TO_32_BIT_CONVERSION = YES;
				GCC_WARN_ABOUT_RETURN_TYPE = YES_ERROR;
				GCC_WARN_UNDECLARED_SELECTOR = YES;
				GCC_WARN_UNINITIALIZED_AUTOS = YES_AGGRESSIVE;
				GCC_WARN_UNUSED_FUNCTION = YES;
				GCC_WARN_UNUSED_VARIABLE = YES;
				IPHONEOS_DEPLOYMENT_TARGET = 15.2;
				MTL_ENABLE_DEBUG_INFO = NO;
				MTL_FAST_MATH = YES;
				SDKROOT = iphoneos;
				SWIFT_COMPILATION_MODE = wholemodule;
				SWIFT_OPTIMIZATION_LEVEL = "-O";
				VALIDATE_PRODUCT = YES;
			};
			name = Release;
		};
		8F6D0883282A6EA700A7956C /* Debug */ = {
			isa = XCBuildConfiguration;
			baseConfigurationReference = D831B9C070CEBC9CEFAE6CF5 /* Pods-Appstore.debug.xcconfig */;
			buildSettings = {
				ASSETCATALOG_COMPILER_APPICON_NAME = AppIcon;
				ASSETCATALOG_COMPILER_GLOBAL_ACCENT_COLOR_NAME = AccentColor;
				CODE_SIGN_STYLE = Automatic;
				CURRENT_PROJECT_VERSION = 1;
				DEVELOPMENT_TEAM = AWNG6A5UPC;
				GENERATE_INFOPLIST_FILE = YES;
				INFOPLIST_FILE = Appstore/Info.plist;
				INFOPLIST_KEY_UIApplicationSupportsIndirectInputEvents = YES;
				INFOPLIST_KEY_UILaunchStoryboardName = LaunchScreen;
				INFOPLIST_KEY_UISupportedInterfaceOrientations_iPad = "UIInterfaceOrientationPortrait UIInterfaceOrientationPortraitUpsideDown UIInterfaceOrientationLandscapeLeft UIInterfaceOrientationLandscapeRight";
				INFOPLIST_KEY_UISupportedInterfaceOrientations_iPhone = "UIInterfaceOrientationPortrait UIInterfaceOrientationLandscapeLeft UIInterfaceOrientationLandscapeRight";
				IPHONEOS_DEPLOYMENT_TARGET = 15.2;
				LD_RUNPATH_SEARCH_PATHS = (
					"$(inherited)",
					"@executable_path/Frameworks",
				);
				MARKETING_VERSION = 1.0;
				PRODUCT_BUNDLE_IDENTIFIER = com.example.Appstore;
				PRODUCT_NAME = "$(TARGET_NAME)";
				SWIFT_EMIT_LOC_STRINGS = YES;
				SWIFT_VERSION = 5.0;
				TARGETED_DEVICE_FAMILY = "1,2";
			};
			name = Debug;
		};
		8F6D0884282A6EA700A7956C /* Release */ = {
			isa = XCBuildConfiguration;
			baseConfigurationReference = 70B45A977790D0BF03E48D00 /* Pods-Appstore.release.xcconfig */;
			buildSettings = {
				ASSETCATALOG_COMPILER_APPICON_NAME = AppIcon;
				ASSETCATALOG_COMPILER_GLOBAL_ACCENT_COLOR_NAME = AccentColor;
				CODE_SIGN_STYLE = Automatic;
				CURRENT_PROJECT_VERSION = 1;
				DEVELOPMENT_TEAM = AWNG6A5UPC;
				GENERATE_INFOPLIST_FILE = YES;
				INFOPLIST_FILE = Appstore/Info.plist;
				INFOPLIST_KEY_UIApplicationSupportsIndirectInputEvents = YES;
				INFOPLIST_KEY_UILaunchStoryboardName = LaunchScreen;
				INFOPLIST_KEY_UISupportedInterfaceOrientations_iPad = "UIInterfaceOrientationPortrait UIInterfaceOrientationPortraitUpsideDown UIInterfaceOrientationLandscapeLeft UIInterfaceOrientationLandscapeRight";
				INFOPLIST_KEY_UISupportedInterfaceOrientations_iPhone = "UIInterfaceOrientationPortrait UIInterfaceOrientationLandscapeLeft UIInterfaceOrientationLandscapeRight";
				IPHONEOS_DEPLOYMENT_TARGET = 15.2;
				LD_RUNPATH_SEARCH_PATHS = (
					"$(inherited)",
					"@executable_path/Frameworks",
				);
				MARKETING_VERSION = 1.0;
				PRODUCT_BUNDLE_IDENTIFIER = com.example.Appstore;
				PRODUCT_NAME = "$(TARGET_NAME)";
				SWIFT_EMIT_LOC_STRINGS = YES;
				SWIFT_VERSION = 5.0;
				TARGETED_DEVICE_FAMILY = "1,2";
			};
			name = Release;
		};
/* End XCBuildConfiguration section */

/* Begin XCConfigurationList section */
		8F6D0869282A6EA600A7956C /* Build configuration list for PBXProject "Appstore" */ = {
			isa = XCConfigurationList;
			buildConfigurations = (
				8F6D0880282A6EA700A7956C /* Debug */,
				8F6D0881282A6EA700A7956C /* Release */,
			);
			defaultConfigurationIsVisible = 0;
			defaultConfigurationName = Release;
		};
		8F6D0882282A6EA700A7956C /* Build configuration list for PBXNativeTarget "Appstore" */ = {
			isa = XCConfigurationList;
			buildConfigurations = (
				8F6D0883282A6EA700A7956C /* Debug */,
				8F6D0884282A6EA700A7956C /* Release */,
			);
			defaultConfigurationIsVisible = 0;
			defaultConfigurationName = Release;
		};
/* End XCConfigurationList section */
	};
	rootObject = 8F6D0866282A6EA600A7956C /* Project object */;
}
